// !$*UTF8*$!
{
	archiveVersion = 1;
	classes = {
	};
	objectVersion = 46;
	objects = {

/* Begin PBXBuildFile section */
		906B65A31BE5368400136AE8 /* main.m in Sources */ = {isa = PBXBuildFile; fileRef = 906B65A21BE5368400136AE8 /* main.m */; };
		906B65A61BE5368400136AE8 /* AppDelegate.m in Sources */ = {isa = PBXBuildFile; fileRef = 906B65A51BE5368400136AE8 /* AppDelegate.m */; };
		906B65A91BE5368400136AE8 /* ViewController.m in Sources */ = {isa = PBXBuildFile; fileRef = 906B65A81BE5368400136AE8 /* ViewController.m */; };
		906B65AC1BE5368400136AE8 /* Main.storyboard in Resources */ = {isa = PBXBuildFile; fileRef = 906B65AA1BE5368400136AE8 /* Main.storyboard */; };
		906B65AE1BE5368400136AE8 /* Assets.xcassets in Resources */ = {isa = PBXBuildFile; fileRef = 906B65AD1BE5368400136AE8 /* Assets.xcassets */; };
		906B65B11BE5368400136AE8 /* LaunchScreen.storyboard in Resources */ = {isa = PBXBuildFile; fileRef = 906B65AF1BE5368400136AE8 /* LaunchScreen.storyboard */; };
/* End PBXBuildFile section */

/* Begin PBXFileReference section */
		906B659E1BE5368400136AE8 /* SpeakToMe.app */ = {isa = PBXFileReference; explicitFileType = wrapper.application; includeInIndex = 0; path = SpeakToMe.app; sourceTree = BUILT_PRODUCTS_DIR; };
		906B65A21BE5368400136AE8 /* main.m */ = {isa = PBXFileReference; lastKnownFileType = sourcecode.c.objc; path = main.m; sourceTree = "<group>"; };
		906B65A41BE5368400136AE8 /* AppDelegate.h */ = {isa = PBXFileReference; lastKnownFileType = sourcecode.c.h; path = AppDelegate.h; sourceTree = "<group>"; };
		906B65A51BE5368400136AE8 /* AppDelegate.m */ = {isa = PBXFileReference; lastKnownFileType = sourcecode.c.objc; path = AppDelegate.m; sourceTree = "<group>"; };
		906B65A71BE5368400136AE8 /* ViewController.h */ = {isa = PBXFileReference; lastKnownFileType = sourcecode.c.h; path = ViewController.h; sourceTree = "<group>"; };
		906B65A81BE5368400136AE8 /* ViewController.m */ = {isa = PBXFileReference; lastKnownFileType = sourcecode.c.objc; path = ViewController.m; sourceTree = "<group>"; };
		906B65AB1BE5368400136AE8 /* Base */ = {isa = PBXFileReference; lastKnownFileType = file.storyboard; name = Base; path = Base.lproj/Main.storyboard; sourceTree = "<group>"; };
		906B65AD1BE5368400136AE8 /* Assets.xcassets */ = {isa = PBXFileReference; lastKnownFileType = folder.assetcatalog; path = Assets.xcassets; sourceTree = "<group>"; };
		906B65B01BE5368400136AE8 /* Base */ = {isa = PBXFileReference; lastKnownFileType = file.storyboard; name = Base; path = Base.lproj/LaunchScreen.storyboard; sourceTree = "<group>"; };
		906B65B21BE5368400136AE8 /* Info.plist */ = {isa = PBXFileReference; lastKnownFileType = text.plist.xml; path = Info.plist; sourceTree = "<group>"; };
/* End PBXFileReference section */

/* Begin PBXFrameworksBuildPhase section */
		906B659B1BE5368300136AE8 /* Frameworks */ = {
			isa = PBXFrameworksBuildPhase;
			buildActionMask = 2147483647;
			files = (
			);
			runOnlyForDeploymentPostprocessing = 0;
		};
/* End PBXFrameworksBuildPhase section */

/* Begin PBXGroup section */
		906B65951BE5368300136AE8 = {
			isa = PBXGroup;
			children = (
				906B65A01BE5368400136AE8 /* SpeakToMe */,
				906B659F1BE5368400136AE8 /* Products */,
			);
			sourceTree = "<group>";
		};
		906B659F1BE5368400136AE8 /* Products */ = {
			isa = PBXGroup;
			children = (
				906B659E1BE5368400136AE8 /* SpeakToMe.app */,
			);
			name = Products;
			sourceTree = "<group>";
		};
		906B65A01BE5368400136AE8 /* SpeakToMe */ = {
			isa = PBXGroup;
			children = (
				906B65A41BE5368400136AE8 /* AppDelegate.h */,
				906B65A51BE5368400136AE8 /* AppDelegate.m */,
				906B65A71BE5368400136AE8 /* ViewController.h */,
				906B65A81BE5368400136AE8 /* ViewController.m */,
				906B65AA1BE5368400136AE8 /* Main.storyboard */,
				906B65AD1BE5368400136AE8 /* Assets.xcassets */,
				906B65AF1BE5368400136AE8 /* LaunchScreen.storyboard */,
				906B65B21BE5368400136AE8 /* Info.plist */,
				906B65A11BE5368400136AE8 /* Supporting Files */,
			);
			path = SpeakToMe;
			sourceTree = "<group>";
		};
		906B65A11BE5368400136AE8 /* Supporting Files */ = {
			isa = PBXGroup;
			children = (
				906B65A21BE5368400136AE8 /* main.m */,
			);
			name = "Supporting Files";
			sourceTree = "<group>";
		};
/* End PBXGroup section */

/* Begin PBXNativeTarget section */
		906B659D1BE5368300136AE8 /* SpeakToMe */ = {
			isa = PBXNativeTarget;
			buildConfigurationList = 906B65B51BE5368400136AE8 /* Build configuration list for PBXNativeTarget "SpeakToMe" */;
			buildPhases = (
				906B659A1BE5368300136AE8 /* Sources */,
				906B659B1BE5368300136AE8 /* Frameworks */,
				906B659C1BE5368300136AE8 /* Resources */,
			);
			buildRules = (
			);
			dependencies = (
			);
			name = SpeakToMe;
			productName = SpeakToMe;
			productReference = 906B659E1BE5368400136AE8 /* SpeakToMe.app */;
			productType = "com.apple.product-type.application";
		};
/* End PBXNativeTarget section */

/* Begin PBXProject section */
		906B65961BE5368300136AE8 /* Project object */ = {
			isa = PBXProject;
			attributes = {
				LastUpgradeCheck = 0700;
				ORGANIZATIONNAME = "Mykola Vyshynskyi";
				TargetAttributes = {
					906B659D1BE5368300136AE8 = {
						CreatedOnToolsVersion = 7.0;
					};
				};
			};
			buildConfigurationList = 906B65991BE5368300136AE8 /* Build configuration list for PBXProject "SpeakToMe" */;
			compatibilityVersion = "Xcode 3.2";
			developmentRegion = English;
			hasScannedForEncodings = 0;
			knownRegions = (
				en,
				Base,
			);
			mainGroup = 906B65951BE5368300136AE8;
			productRefGroup = 906B659F1BE5368400136AE8 /* Products */;
			projectDirPath = "";
			projectRoot = "";
			targets = (
				906B659D1BE5368300136AE8 /* SpeakToMe */,
			);
		};
/* End PBXProject section */

/* Begin PBXResourcesBuildPhase section */
		906B659C1BE5368300136AE8 /* Resources */ = {
			isa = PBXResourcesBuildPhase;
			buildActionMask = 2147483647;
			files = (
				906B65B11BE5368400136AE8 /* LaunchScreen.storyboard in Resources */,
				906B65AE1BE5368400136AE8 /* Assets.xcassets in Resources */,
				906B65AC1BE5368400136AE8 /* Main.storyboard in Resources */,
			);
			runOnlyForDeploymentPostprocessing = 0;
		};
/* End PBXResourcesBuildPhase section */

/* Begin PBXSourcesBuildPhase section */
		906B659A1BE5368300136AE8 /* Sources */ = {
			isa = PBXSourcesBuildPhase;
			buildActionMask = 2147483647;
			files = (
				906B65A91BE5368400136AE8 /* ViewController.m in Sources */,
				906B65A61BE5368400136AE8 /* AppDelegate.m in Sources */,
				906B65A31BE5368400136AE8 /* main.m in Sources */,
			);
			runOnlyForDeploymentPostprocessing = 0;
		};
/* End PBXSourcesBuildPhase section */

/* Begin PBXVariantGroup section */
		906B65AA1BE5368400136AE8 /* Main.storyboard */ = {
			isa = PBXVariantGroup;
			children = (
				906B65AB1BE5368400136AE8 /* Base */,
			);
			name = Main.storyboard;
			sourceTree = "<group>";
		};
		906B65AF1BE5368400136AE8 /* LaunchScreen.storyboard */ = {
			isa = PBXVariantGroup;
			children = (
				906B65B01BE5368400136AE8 /* Base */,
			);
			name = LaunchScreen.storyboard;
			sourceTree = "<group>";
		};
/* End PBXVariantGroup section */

/* Begin XCBuildConfiguration section */
		906B65B31BE5368400136AE8 /* Debug */ = {
			isa = XCBuildConfiguration;
			buildSettings = {
				ALWAYS_SEARCH_USER_PATHS = NO;
				CLANG_CXX_LANGUAGE_STANDARD = "gnu++0x";
				CLANG_CXX_LIBRARY = "libc++";
				CLANG_ENABLE_MODULES = YES;
				CLANG_ENABLE_OBJC_ARC = YES;
				CLANG_WARN_BOOL_CONVERSION = YES;
				CLANG_WARN_CONSTANT_CONVERSION = YES;
				CLANG_WARN_DIRECT_OBJC_ISA_USAGE = YES_ERROR;
				CLANG_WARN_EMPTY_BODY = YES;
				CLANG_WARN_ENUM_CONVERSION = YES;
				CLANG_WARN_INT_CONVERSION = YES;
				CLANG_WARN_OBJC_ROOT_CLASS = YES_ERROR;
				CLANG_WARN_UNREACHABLE_CODE = YES;
				CLANG_WARN__DUPLICATE_METHOD_MATCH = YES;
				"CODE_SIGN_IDENTITY[sdk=iphoneos*]" = "iPhone Developer";
				COPY_PHASE_STRIP = NO;
				DEBUG_INFORMATION_FORMAT = dwarf;
				ENABLE_STRICT_OBJC_MSGSEND = YES;
				ENABLE_TESTABILITY = YES;
				GCC_C_LANGUAGE_STANDARD = gnu99;
				GCC_DYNAMIC_NO_PIC = NO;
				GCC_NO_COMMON_BLOCKS = YES;
				GCC_OPTIMIZATION_LEVEL = 0;
				GCC_PREPROCESSOR_DEFINITIONS = (
					"DEBUG=1",
					"$(inherited)",
				);
				GCC_WARN_64_TO_32_BIT_CONVERSION = YES;
				GCC_WARN_ABOUT_RETURN_TYPE = YES_ERROR;
				GCC_WARN_UNDECLARED_SELECTOR = YES;
				GCC_WARN_UNINITIALIZED_AUTOS = YES_AGGRESSIVE;
				GCC_WARN_UNUSED_FUNCTION = YES;
				GCC_WARN_UNUSED_VARIABLE = YES;
				IPHONEOS_DEPLOYMENT_TARGET = 8.0;
				MTL_ENABLE_DEBUG_INFO = YES;
				ONLY_ACTIVE_ARCH = YES;
				SDKROOT = iphoneos;
				TARGETED_DEVICE_FAMILY = "1,2";
			};
			name = Debug;
		};
		906B65B41BE5368400136AE8 /* Release */ = {
			isa = XCBuildConfiguration;
			buildSettings = {
				ALWAYS_SEARCH_USER_PATHS = NO;
				CLANG_CXX_LANGUAGE_STANDARD = "gnu++0x";
				CLANG_CXX_LIBRARY = "libc++";
				CLANG_ENABLE_MODULES = YES;
				CLANG_ENABLE_OBJC_ARC = YES;
				CLANG_WARN_BOOL_CONVERSION = YES;
				CLANG_WARN_CONSTANT_CONVERSION = YES;
				CLANG_WARN_DIRECT_OBJC_ISA_USAGE = YES_ERROR;
				CLANG_WARN_EMPTY_BODY = YES;
				CLANG_WARN_ENUM_CONVERSION = YES;
				CLANG_WARN_INT_CONVERSION = YES;
				CLANG_WARN_OBJC_ROOT_CLASS = YES_ERROR;
				CLANG_WARN_UNREACHABLE_CODE = YES;
				CLANG_WARN__DUPLICATE_METHOD_MATCH = YES;
				"CODE_SIGN_IDENTITY[sdk=iphoneos*]" = "iPhone Developer";
				COPY_PHASE_STRIP = NO;
				DEBUG_INFORMATION_FORMAT = "dwarf-with-dsym";
				ENABLE_NS_ASSERTIONS = NO;
				ENABLE_STRICT_OBJC_MSGSEND = YES;
				GCC_C_LANGUAGE_STANDARD = gnu99;
				GCC_NO_COMMON_BLOCKS = YES;
				GCC_WARN_64_TO_32_BIT_CONVERSION = YES;
				GCC_WARN_ABOUT_RETURN_TYPE = YES_ERROR;
				GCC_WARN_UNDECLARED_SELECTOR = YES;
				GCC_WARN_UNINITIALIZED_AUTOS = YES_AGGRESSIVE;
				GCC_WARN_UNUSED_FUNCTION = YES;
				GCC_WARN_UNUSED_VARIABLE = YES;
				IPHONEOS_DEPLOYMENT_TARGET = 8.0;
				MTL_ENABLE_DEBUG_INFO = NO;
				SDKROOT = iphoneos;
				TARGETED_DEVICE_FAMILY = "1,2";
				VALIDATE_PRODUCT = YES;
			};
			name = Release;
		};
		906B65B61BE5368400136AE8 /* Debug */ = {
			isa = XCBuildConfiguration;
			buildSettings = {
				ASSETCATALOG_COMPILER_APPICON_NAME = AppIcon;
				INFOPLIST_FILE = SpeakToMe/Info.plist;
				LD_RUNPATH_SEARCH_PATHS = "$(inherited) @executable_path/Frameworks";
				PRODUCT_BUNDLE_IDENTIFIER = com.test.speaktome;
				PRODUCT_NAME = "$(TARGET_NAME)";
			};
			name = Debug;
		};
		906B65B71BE5368400136AE8 /* Release */ = {
			isa = XCBuildConfiguration;
			buildSettings = {
				ASSETCATALOG_COMPILER_APPICON_NAME = AppIcon;
				INFOPLIST_FILE = SpeakToMe/Info.plist;
				LD_RUNPATH_SEARCH_PATHS = "$(inherited) @executable_path/Frameworks";
				PRODUCT_BUNDLE_IDENTIFIER = com.test.speaktome;
				PRODUCT_NAME = "$(TARGET_NAME)";
			};
			name = Release;
		};
/* End XCBuildConfiguration section */

/* Begin XCConfigurationList section */
		906B65991BE5368300136AE8 /* Build configuration list for PBXProject "SpeakToMe" */ = {
			isa = XCConfigurationList;
			buildConfigurations = (
				906B65B31BE5368400136AE8 /* Debug */,
				906B65B41BE5368400136AE8 /* Release */,
			);
			defaultConfigurationIsVisible = 0;
			defaultConfigurationName = Release;
		};
		906B65B51BE5368400136AE8 /* Build configuration list for PBXNativeTarget "SpeakToMe" */ = {
			isa = XCConfigurationList;
			buildConfigurations = (
				906B65B61BE5368400136AE8 /* Debug */,
				906B65B71BE5368400136AE8 /* Release */,
			);
			defaultConfigurationIsVisible = 0;
			defaultConfigurationName = Release;
		};
/* End XCConfigurationList section */
	};
	rootObject = 906B65961BE5368300136AE8 /* Project object */;
}
